<?xml version="1.0" encoding="utf-8"?>
<Project ToolsVersion="4.0" xmlns="http://schemas.microsoft.com/developer/msbuild/2003">
  <ItemGroup>
    <Filter Include="Source Files">
      <UniqueIdentifier>{4FC737F1-C7A5-4376-A066-2A32D752A2FF}</UniqueIdentifier>
      <Extensions>cpp;c;cc;cxx;def;odl;idl;hpj;bat;asm;asmx</Extensions>
    </Filter>
    <Filter Include="Header Files">
      <UniqueIdentifier>{93995380-89BD-4b04-88EB-625FBE52EBFB}</UniqueIdentifier>
      <Extensions>h;hpp;hxx;hm;inl;inc;xsd</Extensions>
    </Filter>
    <Filter Include="Resource Files">
      <UniqueIdentifier>{67DA6AB6-F800-4c08-8B7A-83BB121AAD01}</UniqueIdentifier>
      <Extensions>rc;ico;cur;bmp;dlg;rc2;rct;bin;rgs;gif;jpg;jpeg;jpe;resx;tiff;tif;png;wav;mfcribbon-ms</Extensions>
    </Filter>
    <Filter Include="Source Files\interfaces">
      <UniqueIdentifier>{115eb6dd-d01b-49be-9183-a696ca1c5742}</UniqueIdentifier>
    </Filter>
    <Filter Include="Source Files\core">
      <UniqueIdentifier>{8d7d0858-ac63-4ba4-b58d-2caa9c9644fc}</UniqueIdentifier>
    </Filter>
    <Filter Include="Source Files\wrappers">
      <UniqueIdentifier>{3ebaa74f-48da-48fb-b86f-1c7093a2f1b3}</UniqueIdentifier>
    </Filter>
    <Filter Include="Source Files\managed">
      <UniqueIdentifier>{31e0f9c0-835c-4e4c-b8da-7d816556407a}</UniqueIdentifier>
    </Filter>
    <Filter Include="Source Files\valve">
      <UniqueIdentifier>{1de247eb-75b8-4d4e-b063-4008cde61116}</UniqueIdentifier>
    </Filter>
  </ItemGroup>
  <ItemGroup>
    <ClInclude Include="Stdafx.h">
      <Filter>Header Files</Filter>
    </ClInclude>
    <ClInclude Include="resource.h">
      <Filter>Header Files</Filter>
    </ClInclude>
    <ClInclude Include="server.h">
      <Filter>Source Files\interfaces</Filter>
    </ClInclude>
    <ClInclude Include="serverGameEnts.h">
      <Filter>Source Files\interfaces</Filter>
    </ClInclude>
    <ClInclude Include="serverGameClients.h">
      <Filter>Source Files\interfaces</Filter>
    </ClInclude>
    <ClInclude Include="..\shared\ConCommandWrapper.h">
      <Filter>Source Files\wrappers</Filter>
    </ClInclude>
    <ClInclude Include="..\shared\ConsoleManager.h">
      <Filter>Source Files\wrappers</Filter>
    </ClInclude>
    <ClInclude Include="..\shared\CVarWrapper.h">
      <Filter>Source Files\wrappers</Filter>
    </ClInclude>
    <ClInclude Include="ServerInitInterfaces.h">
      <Filter>Source Files\managed</Filter>
    </ClInclude>
    <ClInclude Include="EdictWrapper.h">
      <Filter>Source Files\wrappers</Filter>
    </ClInclude>
    <ClInclude Include="ServerClassWrapper.h">
      <Filter>Source Files\wrappers</Filter>
    </ClInclude>
  </ItemGroup>
  <ItemGroup>
    <ClCompile Include="AssemblyInfo.cpp">
      <Filter>Source Files</Filter>
    </ClCompile>
    <ClCompile Include="Stdafx.cpp">
      <Filter>Source Files</Filter>
    </ClCompile>
    <ClCompile Include="server.cpp">
      <Filter>Source Files\interfaces</Filter>
    </ClCompile>
    <ClCompile Include="ServerDll.cpp">
      <Filter>Source Files</Filter>
    </ClCompile>
    <ClCompile Include="serverGameEnts.cpp">
      <Filter>Source Files\interfaces</Filter>
    </ClCompile>
    <ClCompile Include="serverGameClients.cpp">
      <Filter>Source Files\interfaces</Filter>
    </ClCompile>
    <ClCompile Include="..\shared\csharpResolver.cpp">
      <Filter>Source Files\core</Filter>
    </ClCompile>
    <ClCompile Include="..\shared\win32.cpp">
      <Filter>Source Files\core</Filter>
    </ClCompile>
    <ClCompile Include="..\shared\ConCommandWrapper.cpp">
      <Filter>Source Files\wrappers</Filter>
    </ClCompile>
    <ClCompile Include="..\shared\ConsoleManager.cpp">
      <Filter>Source Files\wrappers</Filter>
    </ClCompile>
    <ClCompile Include="..\shared\CVarWrapper.cpp">
      <Filter>Source Files\wrappers</Filter>
    </ClCompile>
    <ClCompile Include="..\shared\Debug.cpp">
      <Filter>Source Files\core</Filter>
    </ClCompile>
    <ClCompile Include="..\shared\Extra.cpp">
      <Filter>Source Files\core</Filter>
    </ClCompile>
    <ClCompile Include="..\shared\MemAlloc.cpp">
      <Filter>Source Files\core</Filter>
    </ClCompile>
    <ClCompile Include="..\global_sdk\tier1\convar.cpp">
      <Filter>Source Files\valve</Filter>
    </ClCompile>
    <ClCompile Include="..\global_sdk\tier1\bitbuf.cpp">
      <Filter>Source Files\valve</Filter>
    </ClCompile>
    <ClCompile Include="..\global_sdk\tier1\newbitbuf.cpp">
      <Filter>Source Files\valve</Filter>
    </ClCompile>
    <ClCompile Include="..\global_sdk\tier1\strtools.cpp">
      <Filter>Source Files\valve</Filter>
    </ClCompile>
    <ClCompile Include="..\global_sdk\tier1\utlbuffer.cpp">
      <Filter>Source Files\valve</Filter>
    </ClCompile>
    <ClCompile Include="..\global_sdk\tier1\utlstring.cpp">
      <Filter>Source Files\valve</Filter>
    </ClCompile>
    <ClCompile Include="ServerClassWrapper.cpp">
      <Filter>Source Files\wrappers</Filter>
    </ClCompile>
    <ClCompile Include="..\global_sdk\dt_send.cpp">
      <Filter>Source Files\valve</Filter>
    </ClCompile>
    <ClCompile Include="..\global_sdk\dt_utlvector_common.cpp">
      <Filter>Source Files\valve</Filter>
    </ClCompile>
  </ItemGroup>
  <ItemGroup>
    <Text Include="ReadMe.txt" />
  </ItemGroup>
  <ItemGroup>
    <ResourceCompile Include="app.rc">
      <Filter>Resource Files</Filter>
    </ResourceCompile>
  </ItemGroup>
  <ItemGroup>
    <Image Include="app.ico">
      <Filter>Resource Files</Filter>
    </Image>
  </ItemGroup>
</Project>